<?xml version="1.0" encoding="UTF-8" standalone="yes" ?>
<CodeBlocks_project_file>
	<FileVersion major="1" minor="6" />
	<Project>
		<Option title="Openglad" />
		<Option pch_mode="2" />
		<Option compiler="gcc" />
		<Build>
			<Target title="Windows Release">
				<Option platforms="Windows;" />
				<Option output="openglad" prefix_auto="1" extension_auto="1" />
				<Option object_output="obj/Release/" />
				<Option type="0" />
				<Option compiler="gcc" />
				<Compiler>
					<Add option="-O2" />
				</Compiler>
				<Linker>
					<Add option="-s" />
					<Add option="-mwindows" />
					<Add library="mingw32" />
					<Add library="SDLmain" />
					<Add library="SDL" />
					<Add library="SDL_mixer" />
				</Linker>
			</Target>
			<Target title="Windows Debug SDL2">
				<Option platforms="Windows;" />
				<Option output="openglad" prefix_auto="1" extension_auto="1" />
				<Option object_output="obj/Debug2/" />
				<Option type="1" />
				<Option compiler="gcc" />
				<Compiler>
					<Add option="-g" />
					<Add directory="../../bdcode/externals/SDL2/include/SDL2" />
					<Add directory="../../bdcode/externals/SDL_mixer/include" />
				</Compiler>
				<Linker>
					<Add library="mingw32" />
					<Add library="SDL2main" />
					<Add library="SDL2" />
					<Add library="SDL2_mixer" />
					<Add directory="../../bdcode/externals/SDL2/lib_windows" />
					<Add directory="../../bdcode/externals/SDL_mixer/lib_windows" />
				</Linker>
			</Target>
			<Target title="Windows Debug">
				<Option platforms="Windows;" />
				<Option output="openglad" prefix_auto="1" extension_auto="1" />
				<Option object_output="obj/Debug/" />
				<Option type="1" />
				<Option compiler="gcc" />
				<Compiler>
					<Add option="-g" />
					<Add directory="../../bdcode/externals/SDL/include/SDL" />
					<Add directory="../../bdcode/externals/SDL_mixer/include" />
				</Compiler>
				<Linker>
					<Add library="mingw32" />
					<Add library="SDLmain" />
					<Add library="SDL" />
					<Add library="SDL_mixer" />
					<Add directory="../../bdcode/externals/SDL/lib_windows" />
					<Add directory="../../bdcode/externals/SDL_mixer/lib_windows" />
				</Linker>
			</Target>
			<Target title="Linux Release">
				<Option platforms="Unix;Mac;" />
				<Option output="openglad" prefix_auto="1" extension_auto="1" />
				<Option object_output="obj/Release/" />
				<Option type="1" />
				<Option compiler="gcc" />
				<Compiler>
					<Add option="-O2" />
				</Compiler>
				<Linker>
					<Add option="-s" />
					<Add library="SDLmain" />
					<Add library="SDL" />
				</Linker>
			</Target>
			<Target title="Linux Debug SDL2">
				<Option platforms="Unix;Mac;" />
				<Option output="openglad" prefix_auto="1" extension_auto="1" />
				<Option object_output="obj/Debug2/" />
				<Option type="1" />
				<Option compiler="gcc" />
				<Compiler>
					<Add option="-g" />
					<Add option="`sdl2-config --cflags`" />
				</Compiler>
				<Linker>
					<Add option="`sdl2-config --libs`" />
					<Add library="SDL2_mixer" />
				</Linker>
			</Target>
			<Target title="Linux Debug">
				<Option platforms="Unix;Mac;" />
				<Option output="openglad" prefix_auto="1" extension_auto="1" />
				<Option object_output="obj/Debug/" />
				<Option type="1" />
				<Option compiler="gcc" />
				<Compiler>
					<Add option="-g" />
					<Add option="`sdl-config --cflags`" />
				</Compiler>
				<Linker>
					<Add option="`sdl-config --libs`" />
					<Add library="SDL_mixer" />
				</Linker>
			</Target>
			<Target title="Windows Debug SDL2 - Touch">
				<Option platforms="Windows;" />
				<Option output="openglad" prefix_auto="1" extension_auto="1" />
				<Option object_output="obj/Debug2-touch/" />
				<Option type="1" />
				<Option compiler="gcc" />
				<Compiler>
					<Add option="-g" />
					<Add option="-DUSE_TOUCH_INPUT" />
					<Add option="-DFAKE_TOUCH_EVENTS" />
					<Add directory="../../bdcode/externals/SDL2/include/SDL2" />
					<Add directory="../../bdcode/externals/SDL_mixer/include" />
				</Compiler>
				<Linker>
					<Add library="mingw32" />
					<Add library="SDL2main" />
					<Add library="SDL2" />
					<Add library="SDL2_mixer" />
					<Add directory="../../bdcode/externals/SDL2/lib_windows" />
					<Add directory="../../bdcode/externals/SDL_mixer/lib_windows" />
				</Linker>
			</Target>
		</Build>
		<Compiler>
			<Add option="-Wall" />
			<Add option="-fexceptions" />
			<Add option="-DPHYSFS_SUPPORTS_ZIP" />
			<Add option="-DNO_BLOOD" />
			<Add directory="src/external/libyaml/include" />
			<Add directory="src/external/physfs" />
			<Add directory="src/external/physfs/zlib123" />
			<Add directory="src/external/physfs/extras" />
			<Add directory="src/external/yam" />
			<Add directory="src/external/libzip" />
		</Compiler>
		<Unit filename="src/base.h" />
		<Unit filename="src/button.cpp" />
		<Unit filename="src/button.h" />
		<Unit filename="src/campaign_picker.cpp" />
		<Unit filename="src/campaign_picker.h" />
		<Unit filename="src/colors.h" />
		<Unit filename="src/effect.cpp" />
		<Unit filename="src/effect.h" />
		<Unit filename="src/external/libyaml/include/yaml.h" />
		<Unit filename="src/external/libyaml/src/api.c">
			<Option compilerVar="CC" />
		</Unit>
		<Unit filename="src/external/libyaml/src/config.h" />
		<Unit filename="src/external/libyaml/src/dumper.c">
			<Option compilerVar="CC" />
		</Unit>
		<Unit filename="src/external/libyaml/src/emitter.c">
			<Option compilerVar="CC" />
		</Unit>
		<Unit filename="src/external/libyaml/src/loader.c">
			<Option compilerVar="CC" />
		</Unit>
		<Unit filename="src/external/libyaml/src/parser.c">
			<Option compilerVar="CC" />
		</Unit>
		<Unit filename="src/external/libyaml/src/reader.c">
			<Option compilerVar="CC" />
		</Unit>
		<Unit filename="src/external/libyaml/src/scanner.c">
			<Option compilerVar="CC" />
		</Unit>
		<Unit filename="src/external/libyaml/src/writer.c">
			<Option compilerVar="CC" />
		</Unit>
		<Unit filename="src/external/libyaml/src/yaml_private.h" />
		<Unit filename="src/external/libzip/config.h" />
		<Unit filename="src/external/libzip/mkstemp.c">
			<Option compilerVar="CC" />
		</Unit>
		<Unit filename="src/external/libzip/zip.h" />
		<Unit filename="src/external/libzip/zip_add.c">
			<Option compilerVar="CC" />
		</Unit>
		<Unit filename="src/external/libzip/zip_add_dir.c">
			<Option compilerVar="CC" />
		</Unit>
		<Unit filename="src/external/libzip/zip_add_entry.c">
			<Option compilerVar="CC" />
		</Unit>
		<Unit filename="src/external/libzip/zip_close.c">
			<Option compilerVar="CC" />
		</Unit>
		<Unit filename="src/external/libzip/zip_delete.c">
			<Option compilerVar="CC" />
		</Unit>
		<Unit filename="src/external/libzip/zip_dir_add.c">
			<Option compilerVar="CC" />
		</Unit>
		<Unit filename="src/external/libzip/zip_dirent.c">
			<Option compilerVar="CC" />
		</Unit>
		<Unit filename="src/external/libzip/zip_discard.c">
			<Option compilerVar="CC" />
		</Unit>
		<Unit filename="src/external/libzip/zip_entry.c">
			<Option compilerVar="CC" />
		</Unit>
		<Unit filename="src/external/libzip/zip_err_str.c">
			<Option compilerVar="CC" />
		</Unit>
		<Unit filename="src/external/libzip/zip_error.c">
			<Option compilerVar="CC" />
		</Unit>
		<Unit filename="src/external/libzip/zip_error_clear.c">
			<Option compilerVar="CC" />
		</Unit>
		<Unit filename="src/external/libzip/zip_error_get.c">
			<Option compilerVar="CC" />
		</Unit>
		<Unit filename="src/external/libzip/zip_error_get_sys_type.c">
			<Option compilerVar="CC" />
		</Unit>
		<Unit filename="src/external/libzip/zip_error_strerror.c">
			<Option compilerVar="CC" />
		</Unit>
		<Unit filename="src/external/libzip/zip_error_to_str.c">
			<Option compilerVar="CC" />
		</Unit>
		<Unit filename="src/external/libzip/zip_extra_field.c">
			<Option compilerVar="CC" />
		</Unit>
		<Unit filename="src/external/libzip/zip_extra_field_api.c">
			<Option compilerVar="CC" />
		</Unit>
		<Unit filename="src/external/libzip/zip_fclose.c">
			<Option compilerVar="CC" />
		</Unit>
		<Unit filename="src/external/libzip/zip_fdopen.c">
			<Option compilerVar="CC" />
		</Unit>
		<Unit filename="src/external/libzip/zip_file_add.c">
			<Option compilerVar="CC" />
		</Unit>
		<Unit filename="src/external/libzip/zip_file_error_clear.c">
			<Option compilerVar="CC" />
		</Unit>
		<Unit filename="src/external/libzip/zip_file_error_get.c">
			<Option compilerVar="CC" />
		</Unit>
		<Unit filename="src/external/libzip/zip_file_get_comment.c">
			<Option compilerVar="CC" />
		</Unit>
		<Unit filename="src/external/libzip/zip_file_get_offset.c">
			<Option compilerVar="CC" />
		</Unit>
		<Unit filename="src/external/libzip/zip_file_rename.c">
			<Option compilerVar="CC" />
		</Unit>
		<Unit filename="src/external/libzip/zip_file_replace.c">
			<Option compilerVar="CC" />
		</Unit>
		<Unit filename="src/external/libzip/zip_file_set_comment.c">
			<Option compilerVar="CC" />
		</Unit>
		<Unit filename="src/external/libzip/zip_file_strerror.c">
			<Option compilerVar="CC" />
		</Unit>
		<Unit filename="src/external/libzip/zip_filerange_crc.c">
			<Option compilerVar="CC" />
		</Unit>
		<Unit filename="src/external/libzip/zip_fopen.c">
			<Option compilerVar="CC" />
		</Unit>
		<Unit filename="src/external/libzip/zip_fopen_encrypted.c">
			<Option compilerVar="CC" />
		</Unit>
		<Unit filename="src/external/libzip/zip_fopen_index.c">
			<Option compilerVar="CC" />
		</Unit>
		<Unit filename="src/external/libzip/zip_fopen_index_encrypted.c">
			<Option compilerVar="CC" />
		</Unit>
		<Unit filename="src/external/libzip/zip_fread.c">
			<Option compilerVar="CC" />
		</Unit>
		<Unit filename="src/external/libzip/zip_get_archive_comment.c">
			<Option compilerVar="CC" />
		</Unit>
		<Unit filename="src/external/libzip/zip_get_archive_flag.c">
			<Option compilerVar="CC" />
		</Unit>
		<Unit filename="src/external/libzip/zip_get_compression_implementation.c">
			<Option compilerVar="CC" />
		</Unit>
		<Unit filename="src/external/libzip/zip_get_encryption_implementation.c">
			<Option compilerVar="CC" />
		</Unit>
		<Unit filename="src/external/libzip/zip_get_file_comment.c">
			<Option compilerVar="CC" />
		</Unit>
		<Unit filename="src/external/libzip/zip_get_name.c">
			<Option compilerVar="CC" />
		</Unit>
		<Unit filename="src/external/libzip/zip_get_num_entries.c">
			<Option compilerVar="CC" />
		</Unit>
		<Unit filename="src/external/libzip/zip_get_num_files.c">
			<Option compilerVar="CC" />
		</Unit>
		<Unit filename="src/external/libzip/zip_memdup.c">
			<Option compilerVar="CC" />
		</Unit>
		<Unit filename="src/external/libzip/zip_name_locate.c">
			<Option compilerVar="CC" />
		</Unit>
		<Unit filename="src/external/libzip/zip_new.c">
			<Option compilerVar="CC" />
		</Unit>
		<Unit filename="src/external/libzip/zip_open.c">
			<Option compilerVar="CC" />
		</Unit>
		<Unit filename="src/external/libzip/zip_rename.c">
			<Option compilerVar="CC" />
		</Unit>
		<Unit filename="src/external/libzip/zip_replace.c">
			<Option compilerVar="CC" />
		</Unit>
		<Unit filename="src/external/libzip/zip_set_archive_comment.c">
			<Option compilerVar="CC" />
		</Unit>
		<Unit filename="src/external/libzip/zip_set_archive_flag.c">
			<Option compilerVar="CC" />
		</Unit>
		<Unit filename="src/external/libzip/zip_set_default_password.c">
			<Option compilerVar="CC" />
		</Unit>
		<Unit filename="src/external/libzip/zip_set_file_comment.c">
			<Option compilerVar="CC" />
		</Unit>
		<Unit filename="src/external/libzip/zip_set_file_compression.c">
			<Option compilerVar="CC" />
		</Unit>
		<Unit filename="src/external/libzip/zip_set_name.c">
			<Option compilerVar="CC" />
		</Unit>
		<Unit filename="src/external/libzip/zip_source_buffer.c">
			<Option compilerVar="CC" />
		</Unit>
		<Unit filename="src/external/libzip/zip_source_close.c">
			<Option compilerVar="CC" />
		</Unit>
		<Unit filename="src/external/libzip/zip_source_crc.c">
			<Option compilerVar="CC" />
		</Unit>
		<Unit filename="src/external/libzip/zip_source_deflate.c">
			<Option compilerVar="CC" />
		</Unit>
		<Unit filename="src/external/libzip/zip_source_error.c">
			<Option compilerVar="CC" />
		</Unit>
		<Unit filename="src/external/libzip/zip_source_file.c">
			<Option compilerVar="CC" />
		</Unit>
		<Unit filename="src/external/libzip/zip_source_filep.c">
			<Option compilerVar="CC" />
		</Unit>
		<Unit filename="src/external/libzip/zip_source_free.c">
			<Option compilerVar="CC" />
		</Unit>
		<Unit filename="src/external/libzip/zip_source_function.c">
			<Option compilerVar="CC" />
		</Unit>
		<Unit filename="src/external/libzip/zip_source_layered.c">
			<Option compilerVar="CC" />
		</Unit>
		<Unit filename="src/external/libzip/zip_source_open.c">
			<Option compilerVar="CC" />
		</Unit>
		<Unit filename="src/external/libzip/zip_source_pkware.c">
			<Option compilerVar="CC" />
		</Unit>
		<Unit filename="src/external/libzip/zip_source_pop.c">
			<Option compilerVar="CC" />
		</Unit>
		<Unit filename="src/external/libzip/zip_source_read.c">
			<Option compilerVar="CC" />
		</Unit>
		<Unit filename="src/external/libzip/zip_source_stat.c">
			<Option compilerVar="CC" />
		</Unit>
		<Unit filename="src/external/libzip/zip_source_window.c">
			<Option compilerVar="CC" />
		</Unit>
		<Unit filename="src/external/libzip/zip_source_zip.c">
			<Option compilerVar="CC" />
		</Unit>
		<Unit filename="src/external/libzip/zip_source_zip_new.c">
			<Option compilerVar="CC" />
		</Unit>
		<Unit filename="src/external/libzip/zip_stat.c">
			<Option compilerVar="CC" />
		</Unit>
		<Unit filename="src/external/libzip/zip_stat_index.c">
			<Option compilerVar="CC" />
		</Unit>
		<Unit filename="src/external/libzip/zip_stat_init.c">
			<Option compilerVar="CC" />
		</Unit>
		<Unit filename="src/external/libzip/zip_strerror.c">
			<Option compilerVar="CC" />
		</Unit>
		<Unit filename="src/external/libzip/zip_string.c">
			<Option compilerVar="CC" />
		</Unit>
		<Unit filename="src/external/libzip/zip_unchange.c">
			<Option compilerVar="CC" />
		</Unit>
		<Unit filename="src/external/libzip/zip_unchange_all.c">
			<Option compilerVar="CC" />
		</Unit>
		<Unit filename="src/external/libzip/zip_unchange_archive.c">
			<Option compilerVar="CC" />
		</Unit>
		<Unit filename="src/external/libzip/zip_unchange_data.c">
			<Option compilerVar="CC" />
		</Unit>
		<Unit filename="src/external/libzip/zip_utf-8.c">
			<Option compilerVar="CC" />
		</Unit>
		<Unit filename="src/external/libzip/zipconf.h" />
		<Unit filename="src/external/libzip/zipint.h" />
		<Unit filename="src/external/physfs/archivers/dir.c">
			<Option compilerVar="CC" />
		</Unit>
		<Unit filename="src/external/physfs/archivers/zip.c">
			<Option compilerVar="CC" />
		</Unit>
		<Unit filename="src/external/physfs/extras/physfsrwops.c">
			<Option compilerVar="CC" />
		</Unit>
		<Unit filename="src/external/physfs/extras/physfsrwops.h" />
		<Unit filename="src/external/physfs/physfs.c">
			<Option compilerVar="CC" />
		</Unit>
		<Unit filename="src/external/physfs/physfs.h" />
		<Unit filename="src/external/physfs/physfs_byteorder.c">
			<Option compilerVar="CC" />
		</Unit>
		<Unit filename="src/external/physfs/physfs_casefolding.h" />
		<Unit filename="src/external/physfs/physfs_internal.h" />
		<Unit filename="src/external/physfs/physfs_platforms.h" />
		<Unit filename="src/external/physfs/physfs_unicode.c">
			<Option compilerVar="CC" />
		</Unit>
		<Unit filename="src/external/physfs/platform/beos.cpp" />
		<Unit filename="src/external/physfs/platform/macosx.c">
			<Option compilerVar="CC" />
		</Unit>
		<Unit filename="src/external/physfs/platform/os2.c">
			<Option compilerVar="CC" />
		</Unit>
		<Unit filename="src/external/physfs/platform/pocketpc.c">
			<Option compilerVar="CC" />
		</Unit>
		<Unit filename="src/external/physfs/platform/posix.c">
			<Option compilerVar="CC" />
		</Unit>
		<Unit filename="src/external/physfs/platform/unix.c">
			<Option compilerVar="CC" />
		</Unit>
		<Unit filename="src/external/physfs/platform/windows.c">
			<Option compilerVar="CC" />
		</Unit>
		<Unit filename="src/external/physfs/zlib123/adler32.c">
			<Option compilerVar="CC" />
		</Unit>
		<Unit filename="src/external/physfs/zlib123/compress.c">
			<Option compilerVar="CC" />
		</Unit>
		<Unit filename="src/external/physfs/zlib123/crc32.c">
			<Option compilerVar="CC" />
		</Unit>
		<Unit filename="src/external/physfs/zlib123/crc32.h" />
		<Unit filename="src/external/physfs/zlib123/deflate.c">
			<Option compilerVar="CC" />
		</Unit>
		<Unit filename="src/external/physfs/zlib123/deflate.h" />
		<Unit filename="src/external/physfs/zlib123/gzio.c">
			<Option compilerVar="CC" />
		</Unit>
		<Unit filename="src/external/physfs/zlib123/infback.c">
			<Option compilerVar="CC" />
		</Unit>
		<Unit filename="src/external/physfs/zlib123/inffast.c">
			<Option compilerVar="CC" />
		</Unit>
		<Unit filename="src/external/physfs/zlib123/inffast.h" />
		<Unit filename="src/external/physfs/zlib123/inffixed.h" />
		<Unit filename="src/external/physfs/zlib123/inflate.c">
			<Option compilerVar="CC" />
		</Unit>
		<Unit filename="src/external/physfs/zlib123/inflate.h" />
		<Unit filename="src/external/physfs/zlib123/inftrees.c">
			<Option compilerVar="CC" />
		</Unit>
		<Unit filename="src/external/physfs/zlib123/inftrees.h" />
		<Unit filename="src/external/physfs/zlib123/trees.c">
			<Option compilerVar="CC" />
		</Unit>
		<Unit filename="src/external/physfs/zlib123/trees.h" />
		<Unit filename="src/external/physfs/zlib123/uncompr.c">
			<Option compilerVar="CC" />
		</Unit>
		<Unit filename="src/external/physfs/zlib123/zconf.h" />
		<Unit filename="src/external/physfs/zlib123/zlib.h" />
		<Unit filename="src/external/physfs/zlib123/zutil.c">
			<Option compilerVar="CC" />
		</Unit>
		<Unit filename="src/external/physfs/zlib123/zutil.h" />
		<Unit filename="src/external/yam/yam.cpp" />
		<Unit filename="src/external/yam/yam.h" />
		<Unit filename="src/game.cpp" />
		<Unit filename="src/glad.cpp" />
		<Unit filename="src/graph.h" />
		<Unit filename="src/graphlib.cpp" />
		<Unit filename="src/guy.cpp" />
		<Unit filename="src/guy.h" />
		<Unit filename="src/help.cpp" />
		<Unit filename="src/input.cpp" />
		<Unit filename="src/input.h" />
		<Unit filename="src/intro.cpp" />
		<Unit filename="src/io.cpp" />
		<Unit filename="src/io.h" />
		<Unit filename="src/level_data.cpp" />
		<Unit filename="src/level_data.h" />
		<Unit filename="src/level_editor.cpp" />
		<Unit filename="src/level_picker.cpp" />
		<Unit filename="src/level_picker.h" />
		<Unit filename="src/living.cpp" />
		<Unit filename="src/living.h" />
		<Unit filename="src/loader.cpp" />
		<Unit filename="src/loader.h" />
		<Unit filename="src/obmap.cpp" />
		<Unit filename="src/obmap.h" />
		<Unit filename="src/pal32.cpp" />
		<Unit filename="src/pal32.h" />
		<Unit filename="src/palettes.h" />
		<Unit filename="src/parser.cpp" />
		<Unit filename="src/parser.h" />
		<Unit filename="src/picker.cpp" />
		<Unit filename="src/picker.h" />
		<Unit filename="src/pixdefs.h" />
		<Unit filename="src/pixie.cpp" />
		<Unit filename="src/pixie.h" />
		<Unit filename="src/pixie_data.cpp" />
		<Unit filename="src/pixie_data.h" />
		<Unit filename="src/pixien.cpp" />
		<Unit filename="src/pixien.h" />
		<Unit filename="src/radar.cpp" />
		<Unit filename="src/radar.h" />
		<Unit filename="src/sai2x.cpp" />
		<Unit filename="src/sai2x.h" />
		<Unit filename="src/save_data.cpp" />
		<Unit filename="src/save_data.h" />
		<Unit filename="src/screen.cpp" />
		<Unit filename="src/screen.h" />
		<Unit filename="src/smooth.cpp" />
		<Unit filename="src/smooth.h" />
		<Unit filename="src/sound.cpp" />
		<Unit filename="src/soundob.h" />
		<Unit filename="src/sounds.h" />
		<Unit filename="src/stats.cpp" />
		<Unit filename="src/stats.h" />
		<Unit filename="src/text.cpp" />
		<Unit filename="src/text.h" />
		<Unit filename="src/treasure.cpp" />
		<Unit filename="src/treasure.h" />
		<Unit filename="src/util.cpp" />
		<Unit filename="src/util.h" />
		<Unit filename="src/version.h" />
		<Unit filename="src/video.cpp" />
		<Unit filename="src/video.h" />
		<Unit filename="src/view.cpp" />
		<Unit filename="src/view.h" />
		<Unit filename="src/view_sizes.h" />
		<Unit filename="src/walker.cpp" />
		<Unit filename="src/walker.h" />
		<Unit filename="src/weap.cpp" />
		<Unit filename="src/weap.h" />
		<Extensions>
			<envvars />
			<code_completion />
			<lib_finder disable_auto="1" />
			<debugger />
			<DoxyBlocks>
				<comment_style block="0" line="0" />
				<doxyfile_project />
				<doxyfile_build />
				<doxyfile_warnings />
				<doxyfile_output />
				<doxyfile_dot />
				<general />
			</DoxyBlocks>
		</Extensions>
	</Project>
</CodeBlocks_project_file>
