<?xml version="1.0" encoding="UTF-8" standalone="yes" ?>
<CodeBlocks_project_file>
	<FileVersion major="1" minor="6" />
	<Project>
		<Option title="Openscen" />
		<Option pch_mode="2" />
		<Option compiler="gcc" />
		<Build>
			<Target title="Linux Debug">
				<Option platforms="Unix;Mac;" />
				<Option output="..\openscen" prefix_auto="1" extension_auto="1" />
				<Option working_dir="..\" />
				<Option object_output="obj\Debug\" />
				<Option type="1" />
				<Option compiler="gcc" />
				<Compiler>
					<Add option="-g" />
					<Add option="`sdl-config --cflags`" />
				</Compiler>
				<Linker>
					<Add option="`sdl-config --libs`" />
					<Add library="SDL_mixer" />
				</Linker>
			</Target>
			<Target title="Linux Release">
				<Option platforms="Unix;Mac;" />
				<Option output="..\openscen" prefix_auto="1" extension_auto="1" />
				<Option working_dir="..\" />
				<Option object_output="obj\Release\" />
				<Option type="1" />
				<Option compiler="gcc" />
				<Compiler>
					<Add option="-O2" />
					<Add option="`sdl-config --cflags`" />
				</Compiler>
				<Linker>
					<Add option="-s" />
					<Add option="`sdl-config --libs`" />
					<Add library="SDL_mixer" />
				</Linker>
			</Target>
			<Target title="Windows Debug">
				<Option platforms="Windows;" />
				<Option output="..openscen" prefix_auto="1" extension_auto="1" />
				<Option working_dir="..\" />
				<Option object_output="obj\Debug\" />
				<Option type="1" />
				<Option compiler="gcc" />
				<Compiler>
					<Add option="-g" />
				</Compiler>
				<Linker>
					<Add option="-mwindows" />
					<Add library="mingw32" />
					<Add library="SDLmain" />
					<Add library="SDL" />
					<Add library="SDL_mixer" />
				</Linker>
			</Target>
			<Target title="Windows Release">
				<Option platforms="Windows;" />
				<Option output="openscen" prefix_auto="1" extension_auto="1" />
				<Option working_dir="..\" />
				<Option object_output="obj\Release\" />
				<Option type="0" />
				<Option compiler="gcc" />
				<Compiler>
					<Add option="-O2" />
				</Compiler>
				<Linker>
					<Add option="-s" />
					<Add option="-mwindows" />
					<Add library="mingw32" />
					<Add library="SDLmain" />
					<Add library="SDL" />
					<Add library="SDL_mixer" />
				</Linker>
			</Target>
		</Build>
		<Compiler>
			<Add option="-Wall" />
			<Add option="-fexceptions" />
			<Add option="-DOPENSCEN" />
		</Compiler>
		<Unit filename="base.h" />
		<Unit filename="colors.h" />
		<Unit filename="effect.cpp" />
		<Unit filename="effect.h" />
		<Unit filename="game.cpp" />
		<Unit filename="gladpack.cpp" />
		<Unit filename="gladpack.h" />
		<Unit filename="graph.h" />
		<Unit filename="graphlib.cpp" />
		<Unit filename="guy.cpp" />
		<Unit filename="guy.h" />
		<Unit filename="help.cpp" />
		<Unit filename="input.cpp" />
		<Unit filename="input.h" />
		<Unit filename="intro.cpp" />
		<Unit filename="living.cpp" />
		<Unit filename="living.h" />
		<Unit filename="loader.cpp" />
		<Unit filename="loader.h" />
		<Unit filename="obmap.cpp" />
		<Unit filename="obmap.h" />
		<Unit filename="pal32.cpp" />
		<Unit filename="pal32.h" />
		<Unit filename="palettes.h" />
		<Unit filename="parser.cpp" />
		<Unit filename="parser.h" />
		<Unit filename="pixdefs.h" />
		<Unit filename="pixie.cpp" />
		<Unit filename="pixie.h" />
		<Unit filename="pixien.cpp" />
		<Unit filename="pixien.h" />
		<Unit filename="radar.cpp" />
		<Unit filename="radar.h" />
		<Unit filename="sai2x.cpp" />
		<Unit filename="sai2x.h" />
		<Unit filename="scen.cpp" />
		<Unit filename="scen.h" />
		<Unit filename="screen.cpp" />
		<Unit filename="screen.h" />
		<Unit filename="smooth.cpp" />
		<Unit filename="smooth.h" />
		<Unit filename="sound.cpp" />
		<Unit filename="soundob.h" />
		<Unit filename="sounds.h" />
		<Unit filename="stats.cpp" />
		<Unit filename="stats.h" />
		<Unit filename="text.cpp" />
		<Unit filename="text.h" />
		<Unit filename="treasure.cpp" />
		<Unit filename="treasure.h" />
		<Unit filename="util.cpp" />
		<Unit filename="util.h" />
		<Unit filename="video.cpp" />
		<Unit filename="video.h" />
		<Unit filename="view.cpp" />
		<Unit filename="view.h" />
		<Unit filename="walker.cpp" />
		<Unit filename="walker.h" />
		<Unit filename="weap.cpp" />
		<Unit filename="weap.h" />
		<Extensions>
			<envvars />
			<code_completion />
			<lib_finder disable_auto="1" />
			<debugger />
		</Extensions>
	</Project>
</CodeBlocks_project_file>
